
Microsoft Visual Studio Solution File, Format Version 12.00
# Visual Studio Version 17
VisualStudioVersion = 17.0.32014.148
MinimumVisualStudioVersion = 10.0.40219.1
Project("{9A19103F-16F7-4668-BE54-9A1E7A4F7556}") = "JotterService.Api", "src\JotterService.Api\JotterService.Api.csproj", "{D63C4F44-D967-4EC4-B8F4-9FE17A2CE982}"
EndProject
Project("{2150E333-8FDC-42A3-9474-1A3956D46DE8}") = "Solution Items", "Solution Items", "{637E8E10-9BFF-49E0-AE61-FE0D18FBE531}"
	ProjectSection(SolutionItems) = preProject
		.gitignore = .gitignore
	EndProjectSection
EndProject
Project("{2150E333-8FDC-42A3-9474-1A3956D46DE8}") = "src", "src", "{9C09D61B-6540-49F5-83FA-84D66B4984A1}"
EndProject
Project("{9A19103F-16F7-4668-BE54-9A1E7A4F7556}") = "JotterService.Api.Tests", "test\JotterService.Api.Tests\JotterService.Api.Tests.csproj", "{021618C6-CF91-422B-98B3-BCB1DC526562}"
EndProject
Project("{2150E333-8FDC-42A3-9474-1A3956D46DE8}") = "test", "test", "{577D8053-D74E-4E5A-9EC7-7D1BFC3D6C82}"
EndProject
Project("{9A19103F-16F7-4668-BE54-9A1E7A4F7556}") = "JotterService.Application", "src\JotterService.Application\JotterService.Application.csproj", "{8AFE154D-4532-4AA5-A55C-866094FAF795}"
EndProject
Project("{9A19103F-16F7-4668-BE54-9A1E7A4F7556}") = "JotterService.Infrastructure", "src\JotterService.Infrastructure\JotterService.Infrastructure.csproj", "{A0D59677-2776-46E5-9561-7D8B6CB69F34}"
EndProject
Project("{9A19103F-16F7-4668-BE54-9A1E7A4F7556}") = "JotterService.Domain", "src\JotterService.Domain\JotterService.Domain.csproj", "{740B7C0E-FAFB-4230-8CD3-E2A6EE608916}"
EndProject
Project("{9A19103F-16F7-4668-BE54-9A1E7A4F7556}") = "JotterService.Application.Tests", "test\JotterService.Application.Tests\JotterService.Application.Tests.csproj", "{A9A07CE5-34B4-42CC-A841-F958FB1156A6}"
EndProject
Project("{9A19103F-16F7-4668-BE54-9A1E7A4F7556}") = "JotterService.SqliteMigrations", "src\JotterService.SqliteMigrations\JotterService.SqliteMigrations.csproj", "{DFA2657E-1082-478C-A0B9-C36BF93BB6BA}"
EndProject
Project("{FAE04EC0-301F-11D3-BF4B-00C04F79EFBC}") = "JotterService.PostgresMigrations", "src\JotterService.PostgresMigrations\JotterService.PostgresMigrations.csproj", "{70B03C28-56B1-419F-8DE1-A78A5012A54C}"
EndProject
Global
	GlobalSection(SolutionConfigurationPlatforms) = preSolution
		Debug|Any CPU = Debug|Any CPU
		Release|Any CPU = Release|Any CPU
	EndGlobalSection
	GlobalSection(ProjectConfigurationPlatforms) = postSolution
		{D63C4F44-D967-4EC4-B8F4-9FE17A2CE982}.Debug|Any CPU.ActiveCfg = Debug|Any CPU
		{D63C4F44-D967-4EC4-B8F4-9FE17A2CE982}.Debug|Any CPU.Build.0 = Debug|Any CPU
		{D63C4F44-D967-4EC4-B8F4-9FE17A2CE982}.Release|Any CPU.ActiveCfg = Release|Any CPU
		{D63C4F44-D967-4EC4-B8F4-9FE17A2CE982}.Release|Any CPU.Build.0 = Release|Any CPU
		{021618C6-CF91-422B-98B3-BCB1DC526562}.Debug|Any CPU.ActiveCfg = Debug|Any CPU
		{021618C6-CF91-422B-98B3-BCB1DC526562}.Debug|Any CPU.Build.0 = Debug|Any CPU
		{021618C6-CF91-422B-98B3-BCB1DC526562}.Release|Any CPU.ActiveCfg = Release|Any CPU
		{021618C6-CF91-422B-98B3-BCB1DC526562}.Release|Any CPU.Build.0 = Release|Any CPU
		{8AFE154D-4532-4AA5-A55C-866094FAF795}.Debug|Any CPU.ActiveCfg = Debug|Any CPU
		{8AFE154D-4532-4AA5-A55C-866094FAF795}.Debug|Any CPU.Build.0 = Debug|Any CPU
		{8AFE154D-4532-4AA5-A55C-866094FAF795}.Release|Any CPU.ActiveCfg = Release|Any CPU
		{8AFE154D-4532-4AA5-A55C-866094FAF795}.Release|Any CPU.Build.0 = Release|Any CPU
		{A0D59677-2776-46E5-9561-7D8B6CB69F34}.Debug|Any CPU.ActiveCfg = Debug|Any CPU
		{A0D59677-2776-46E5-9561-7D8B6CB69F34}.Debug|Any CPU.Build.0 = Debug|Any CPU
		{A0D59677-2776-46E5-9561-7D8B6CB69F34}.Release|Any CPU.ActiveCfg = Release|Any CPU
		{A0D59677-2776-46E5-9561-7D8B6CB69F34}.Release|Any CPU.Build.0 = Release|Any CPU
		{740B7C0E-FAFB-4230-8CD3-E2A6EE608916}.Debug|Any CPU.ActiveCfg = Debug|Any CPU
		{740B7C0E-FAFB-4230-8CD3-E2A6EE608916}.Debug|Any CPU.Build.0 = Debug|Any CPU
		{740B7C0E-FAFB-4230-8CD3-E2A6EE608916}.Release|Any CPU.ActiveCfg = Release|Any CPU
		{740B7C0E-FAFB-4230-8CD3-E2A6EE608916}.Release|Any CPU.Build.0 = Release|Any CPU
		{A9A07CE5-34B4-42CC-A841-F958FB1156A6}.Debug|Any CPU.ActiveCfg = Debug|Any CPU
		{A9A07CE5-34B4-42CC-A841-F958FB1156A6}.Debug|Any CPU.Build.0 = Debug|Any CPU
		{A9A07CE5-34B4-42CC-A841-F958FB1156A6}.Release|Any CPU.ActiveCfg = Release|Any CPU
		{A9A07CE5-34B4-42CC-A841-F958FB1156A6}.Release|Any CPU.Build.0 = Release|Any CPU
		{DFA2657E-1082-478C-A0B9-C36BF93BB6BA}.Debug|Any CPU.ActiveCfg = Debug|Any CPU
		{DFA2657E-1082-478C-A0B9-C36BF93BB6BA}.Debug|Any CPU.Build.0 = Debug|Any CPU
		{DFA2657E-1082-478C-A0B9-C36BF93BB6BA}.Release|Any CPU.ActiveCfg = Release|Any CPU
		{DFA2657E-1082-478C-A0B9-C36BF93BB6BA}.Release|Any CPU.Build.0 = Release|Any CPU
		{70B03C28-56B1-419F-8DE1-A78A5012A54C}.Debug|Any CPU.ActiveCfg = Debug|Any CPU
		{70B03C28-56B1-419F-8DE1-A78A5012A54C}.Debug|Any CPU.Build.0 = Debug|Any CPU
		{70B03C28-56B1-419F-8DE1-A78A5012A54C}.Release|Any CPU.ActiveCfg = Release|Any CPU
		{70B03C28-56B1-419F-8DE1-A78A5012A54C}.Release|Any CPU.Build.0 = Release|Any CPU
	EndGlobalSection
	GlobalSection(SolutionProperties) = preSolution
		HideSolutionNode = FALSE
	EndGlobalSection
	GlobalSection(NestedProjects) = preSolution
		{D63C4F44-D967-4EC4-B8F4-9FE17A2CE982} = {9C09D61B-6540-49F5-83FA-84D66B4984A1}
		{021618C6-CF91-422B-98B3-BCB1DC526562} = {577D8053-D74E-4E5A-9EC7-7D1BFC3D6C82}
		{8AFE154D-4532-4AA5-A55C-866094FAF795} = {9C09D61B-6540-49F5-83FA-84D66B4984A1}
		{A0D59677-2776-46E5-9561-7D8B6CB69F34} = {9C09D61B-6540-49F5-83FA-84D66B4984A1}
		{740B7C0E-FAFB-4230-8CD3-E2A6EE608916} = {9C09D61B-6540-49F5-83FA-84D66B4984A1}
		{A9A07CE5-34B4-42CC-A841-F958FB1156A6} = {577D8053-D74E-4E5A-9EC7-7D1BFC3D6C82}
		{DFA2657E-1082-478C-A0B9-C36BF93BB6BA} = {9C09D61B-6540-49F5-83FA-84D66B4984A1}
		{70B03C28-56B1-419F-8DE1-A78A5012A54C} = {9C09D61B-6540-49F5-83FA-84D66B4984A1}
	EndGlobalSection
	GlobalSection(ExtensibilityGlobals) = postSolution
		SolutionGuid = {CCA07EEE-EB37-4B7B-B007-C31F8CF9906A}
	EndGlobalSection
EndGlobal
